
Microsoft Visual Studio Solution File, Format Version 12.00
# Visual Studio Version 17
VisualStudioVersion = 17.11.35312.102
MinimumVisualStudioVersion = 10.0.40219.1
Project("{888888A0-9F3D-457C-B088-3A5042F75D52}") = "python5", "python5\python5.pyproj", "{8DBC7C27-E799-4192-A8D5-D58DA121EF7E}"
EndProject
Global
	GlobalSection(SolutionConfigurationPlatforms) = preSolution
		Debug|Any CPU = Debug|Any CPU
		Release|Any CPU = Release|Any CPU
	EndGlobalSection
	GlobalSection(ProjectConfigurationPlatforms) = postSolution
		{8DBC7C27-E799-4192-A8D5-D58DA121EF7E}.Debug|Any CPU.ActiveCfg = Debug|Any CPU
		{8DBC7C27-E799-4192-A8D5-D58DA121EF7E}.Release|Any CPU.ActiveCfg = Release|Any CPU
	EndGlobalSection
	GlobalSection(SolutionProperties) = preSolution
		HideSolutionNode = FALSE
	EndGlobalSection
	GlobalSection(ExtensibilityGlobals) = postSolution
		SolutionGuid = {080C343F-530A-411F-8C73-9C94CDAE46DE}
	EndGlobalSection
EndGlobal
